<Solution>
  <Folder Name="/src/">
    <Project Path="src/FartiksPlatform.BuildingBlocks/FartiksPlatform.BuildingBlocks.csproj" />
    <Project Path="src/FartiksPlatform.Gateway/FartiksPlatform.Gateway.csproj" />
  </Folder>
  <Folder Name="/src/Services/User/">
    <Project Path="src/Services/User/FartiksPlatform.Services.User.Api/FartiksPlatform.Services.User.Api.csproj" />
    <Project Path="src/Services/User/FartiksPlatform.Services.User.Application/FartiksPlatform.Services.User.Application.csproj" />
    <Project Path="src/Services/User/FartiksPlatform.Services.User.Domain/FartiksPlatform.Services.User.Domain.csproj" />
    <Project Path="src/Services/User/FartiksPlatform.Services.User.Infrastructure/FartiksPlatform.Services.User.Infrastructure.csproj" />
  </Folder>
  <Folder Name="/src/Services/Billing/">
    <Project Path="src/Services/Billing/FartiksPlatform.Services.Billing.Api/FartiksPlatform.Services.Billing.Api.csproj" />
    <Project Path="src/Services/Billing/FartiksPlatform.Services.Billing.Application/FartiksPlatform.Services.Billing.Application.csproj" />
    <Project Path="src/Services/Billing/FartiksPlatform.Services.Billing.Domain/FartiksPlatform.Services.Billing.Domain.csproj" />
    <Project Path="src/Services/Billing/FartiksPlatform.Services.Billing.Infrastructure/FartiksPlatform.Services.Billing.Infrastructure.csproj" />
  </Folder>
  <Folder Name="/src/Services/Gameplay/">
    <Project Path="src/Services/Gameplay/FartiksPlatform.Services.Gameplay.Api/FartiksPlatform.Services.Gameplay.Api.csproj" />
    <Project Path="src/Services/Gameplay/FartiksPlatform.Services.Gameplay.Application/FartiksPlatform.Services.Gameplay.Application.csproj" />
    <Project Path="src/Services/Gameplay/FartiksPlatform.Services.Gameplay.Domain/FartiksPlatform.Services.Gameplay.Domain.csproj" />
    <Project Path="src/Services/Gameplay/FartiksPlatform.Services.Gameplay.Infrastructure/FartiksPlatform.Services.Gameplay.Infrastructure.csproj" />
  </Folder>
  <Folder Name="/tests/">
    <Project Path="tests/User.Domain.Tests/User.Domain.Tests.csproj" />
  </Folder>
</Solution>
