{
  "version": 1,
  "dependencies": {
    "net10.0": {
      "buildingblocks": {
        "type": "Project"
      },
      "gameplay.application": {
        "type": "Project",
        "dependencies": {
          "BuildingBlocks": "[1.0.0, )",
          "Gameplay.Domain": "[1.0.0, )"
        }
      },
      "gameplay.domain": {
        "type": "Project"
      }
    }
  }
}